
Microsoft Visual Studio Solution File, Format Version 12.00
# Visual Studio 15
VisualStudioVersion = 15.0.26403.7
MinimumVisualStudioVersion = 10.0.40219.1
Project("{FAE04EC0-301F-11D3-BF4B-00C04F79EFBC}") = "MovieApp", "MovieApp\MovieApp\MovieApp.csproj", "{36046353-F556-4984-91B3-20DEF81CE8A5}"
EndProject
Project("{FAE04EC0-301F-11D3-BF4B-00C04F79EFBC}") = "MovieApp.Droid", "MovieApp\MovieApp.Droid\MovieApp.Droid.csproj", "{C5B579EE-4CB3-4782-B88F-C21D69D9E7A4}"
EndProject
Project("{FAE04EC0-301F-11D3-BF4B-00C04F79EFBC}") = "MovieApp.iOS", "MovieApp\MovieApp.iOS\MovieApp.iOS.csproj", "{C3DC2FDB-30C8-4F4A-A7F7-7BAC11C41139}"
EndProject
Project("{FAE04EC0-301F-11D3-BF4B-00C04F79EFBC}") = "ClassLibrary", "ClassLibrary\ClassLibrary.csproj", "{67F9D3A8-F71E-4428-913F-C37AE82CDB24}"
EndProject
Project("{FAE04EC0-301F-11D3-BF4B-00C04F79EFBC}") = "ClassLibrary.Test", "ClassLibrary.Test\ClassLibrary.Test.csproj", "{080507C3-D5A4-400E-9417-E5CCB7E98926}"
EndProject
Global
	GlobalSection(SolutionConfigurationPlatforms) = preSolution
		Ad-Hoc|Any CPU = Ad-Hoc|Any CPU
		Ad-Hoc|ARM = Ad-Hoc|ARM
		Ad-Hoc|iPhone = Ad-Hoc|iPhone
		Ad-Hoc|iPhoneSimulator = Ad-Hoc|iPhoneSimulator
		Ad-Hoc|x64 = Ad-Hoc|x64
		Ad-Hoc|x86 = Ad-Hoc|x86
		AppStore|Any CPU = AppStore|Any CPU
		AppStore|ARM = AppStore|ARM
		AppStore|iPhone = AppStore|iPhone
		AppStore|iPhoneSimulator = AppStore|iPhoneSimulator
		AppStore|x64 = AppStore|x64
		AppStore|x86 = AppStore|x86
		Debug|Any CPU = Debug|Any CPU
		Debug|ARM = Debug|ARM
		Debug|iPhone = Debug|iPhone
		Debug|iPhoneSimulator = Debug|iPhoneSimulator
		Debug|x64 = Debug|x64
		Debug|x86 = Debug|x86
		Release|Any CPU = Release|Any CPU
		Release|ARM = Release|ARM
		Release|iPhone = Release|iPhone
		Release|iPhoneSimulator = Release|iPhoneSimulator
		Release|x64 = Release|x64
		Release|x86 = Release|x86
	EndGlobalSection
	GlobalSection(ProjectConfigurationPlatforms) = postSolution
		{36046353-F556-4984-91B3-20DEF81CE8A5}.Ad-Hoc|Any CPU.ActiveCfg = Release|Any CPU
		{36046353-F556-4984-91B3-20DEF81CE8A5}.Ad-Hoc|Any CPU.Build.0 = Release|Any CPU
		{36046353-F556-4984-91B3-20DEF81CE8A5}.Ad-Hoc|ARM.ActiveCfg = Release|Any CPU
		{36046353-F556-4984-91B3-20DEF81CE8A5}.Ad-Hoc|ARM.Build.0 = Release|Any CPU
		{36046353-F556-4984-91B3-20DEF81CE8A5}.Ad-Hoc|iPhone.ActiveCfg = Release|Any CPU
		{36046353-F556-4984-91B3-20DEF81CE8A5}.Ad-Hoc|iPhone.Build.0 = Release|Any CPU
		{36046353-F556-4984-91B3-20DEF81CE8A5}.Ad-Hoc|iPhoneSimulator.ActiveCfg = Release|Any CPU
		{36046353-F556-4984-91B3-20DEF81CE8A5}.Ad-Hoc|iPhoneSimulator.Build.0 = Release|Any CPU
		{36046353-F556-4984-91B3-20DEF81CE8A5}.Ad-Hoc|x64.ActiveCfg = Release|Any CPU
		{36046353-F556-4984-91B3-20DEF81CE8A5}.Ad-Hoc|x64.Build.0 = Release|Any CPU
		{36046353-F556-4984-91B3-20DEF81CE8A5}.Ad-Hoc|x86.ActiveCfg = Release|Any CPU
		{36046353-F556-4984-91B3-20DEF81CE8A5}.Ad-Hoc|x86.Build.0 = Release|Any CPU
		{36046353-F556-4984-91B3-20DEF81CE8A5}.AppStore|Any CPU.ActiveCfg = Release|Any CPU
		{36046353-F556-4984-91B3-20DEF81CE8A5}.AppStore|Any CPU.Build.0 = Release|Any CPU
		{36046353-F556-4984-91B3-20DEF81CE8A5}.AppStore|ARM.ActiveCfg = Release|Any CPU
		{36046353-F556-4984-91B3-20DEF81CE8A5}.AppStore|ARM.Build.0 = Release|Any CPU
		{36046353-F556-4984-91B3-20DEF81CE8A5}.AppStore|iPhone.ActiveCfg = Release|Any CPU
		{36046353-F556-4984-91B3-20DEF81CE8A5}.AppStore|iPhone.Build.0 = Release|Any CPU
		{36046353-F556-4984-91B3-20DEF81CE8A5}.AppStore|iPhoneSimulator.ActiveCfg = Release|Any CPU
		{36046353-F556-4984-91B3-20DEF81CE8A5}.AppStore|iPhoneSimulator.Build.0 = Release|Any CPU
		{36046353-F556-4984-91B3-20DEF81CE8A5}.AppStore|x64.ActiveCfg = Release|Any CPU
		{36046353-F556-4984-91B3-20DEF81CE8A5}.AppStore|x64.Build.0 = Release|Any CPU
		{36046353-F556-4984-91B3-20DEF81CE8A5}.AppStore|x86.ActiveCfg = Release|Any CPU
		{36046353-F556-4984-91B3-20DEF81CE8A5}.AppStore|x86.Build.0 = Release|Any CPU
		{36046353-F556-4984-91B3-20DEF81CE8A5}.Debug|Any CPU.ActiveCfg = Debug|Any CPU
		{36046353-F556-4984-91B3-20DEF81CE8A5}.Debug|Any CPU.Build.0 = Debug|Any CPU
		{36046353-F556-4984-91B3-20DEF81CE8A5}.Debug|ARM.ActiveCfg = Debug|Any CPU
		{36046353-F556-4984-91B3-20DEF81CE8A5}.Debug|ARM.Build.0 = Debug|Any CPU
		{36046353-F556-4984-91B3-20DEF81CE8A5}.Debug|iPhone.ActiveCfg = Debug|Any CPU
		{36046353-F556-4984-91B3-20DEF81CE8A5}.Debug|iPhone.Build.0 = Debug|Any CPU
		{36046353-F556-4984-91B3-20DEF81CE8A5}.Debug|iPhoneSimulator.ActiveCfg = Debug|Any CPU
		{36046353-F556-4984-91B3-20DEF81CE8A5}.Debug|iPhoneSimulator.Build.0 = Debug|Any CPU
		{36046353-F556-4984-91B3-20DEF81CE8A5}.Debug|x64.ActiveCfg = Debug|Any CPU
		{36046353-F556-4984-91B3-20DEF81CE8A5}.Debug|x64.Build.0 = Debug|Any CPU
		{36046353-F556-4984-91B3-20DEF81CE8A5}.Debug|x86.ActiveCfg = Debug|Any CPU
		{36046353-F556-4984-91B3-20DEF81CE8A5}.Debug|x86.Build.0 = Debug|Any CPU
		{36046353-F556-4984-91B3-20DEF81CE8A5}.Release|Any CPU.ActiveCfg = Release|Any CPU
		{36046353-F556-4984-91B3-20DEF81CE8A5}.Release|Any CPU.Build.0 = Release|Any CPU
		{36046353-F556-4984-91B3-20DEF81CE8A5}.Release|ARM.ActiveCfg = Release|Any CPU
		{36046353-F556-4984-91B3-20DEF81CE8A5}.Release|ARM.Build.0 = Release|Any CPU
		{36046353-F556-4984-91B3-20DEF81CE8A5}.Release|iPhone.ActiveCfg = Release|Any CPU
		{36046353-F556-4984-91B3-20DEF81CE8A5}.Release|iPhone.Build.0 = Release|Any CPU
		{36046353-F556-4984-91B3-20DEF81CE8A5}.Release|iPhoneSimulator.ActiveCfg = Release|Any CPU
		{36046353-F556-4984-91B3-20DEF81CE8A5}.Release|iPhoneSimulator.Build.0 = Release|Any CPU
		{36046353-F556-4984-91B3-20DEF81CE8A5}.Release|x64.ActiveCfg = Release|Any CPU
		{36046353-F556-4984-91B3-20DEF81CE8A5}.Release|x64.Build.0 = Release|Any CPU
		{36046353-F556-4984-91B3-20DEF81CE8A5}.Release|x86.ActiveCfg = Release|Any CPU
		{36046353-F556-4984-91B3-20DEF81CE8A5}.Release|x86.Build.0 = Release|Any CPU
		{C5B579EE-4CB3-4782-B88F-C21D69D9E7A4}.Ad-Hoc|Any CPU.ActiveCfg = Release|Any CPU
		{C5B579EE-4CB3-4782-B88F-C21D69D9E7A4}.Ad-Hoc|Any CPU.Build.0 = Release|Any CPU
		{C5B579EE-4CB3-4782-B88F-C21D69D9E7A4}.Ad-Hoc|Any CPU.Deploy.0 = Release|Any CPU
		{C5B579EE-4CB3-4782-B88F-C21D69D9E7A4}.Ad-Hoc|ARM.ActiveCfg = Release|Any CPU
		{C5B579EE-4CB3-4782-B88F-C21D69D9E7A4}.Ad-Hoc|ARM.Build.0 = Release|Any CPU
		{C5B579EE-4CB3-4782-B88F-C21D69D9E7A4}.Ad-Hoc|ARM.Deploy.0 = Release|Any CPU
		{C5B579EE-4CB3-4782-B88F-C21D69D9E7A4}.Ad-Hoc|iPhone.ActiveCfg = Release|Any CPU
		{C5B579EE-4CB3-4782-B88F-C21D69D9E7A4}.Ad-Hoc|iPhone.Build.0 = Release|Any CPU
		{C5B579EE-4CB3-4782-B88F-C21D69D9E7A4}.Ad-Hoc|iPhone.Deploy.0 = Release|Any CPU
		{C5B579EE-4CB3-4782-B88F-C21D69D9E7A4}.Ad-Hoc|iPhoneSimulator.ActiveCfg = Release|Any CPU
		{C5B579EE-4CB3-4782-B88F-C21D69D9E7A4}.Ad-Hoc|iPhoneSimulator.Build.0 = Release|Any CPU
		{C5B579EE-4CB3-4782-B88F-C21D69D9E7A4}.Ad-Hoc|iPhoneSimulator.Deploy.0 = Release|Any CPU
		{C5B579EE-4CB3-4782-B88F-C21D69D9E7A4}.Ad-Hoc|x64.ActiveCfg = Release|Any CPU
		{C5B579EE-4CB3-4782-B88F-C21D69D9E7A4}.Ad-Hoc|x64.Build.0 = Release|Any CPU
		{C5B579EE-4CB3-4782-B88F-C21D69D9E7A4}.Ad-Hoc|x64.Deploy.0 = Release|Any CPU
		{C5B579EE-4CB3-4782-B88F-C21D69D9E7A4}.Ad-Hoc|x86.ActiveCfg = Release|Any CPU
		{C5B579EE-4CB3-4782-B88F-C21D69D9E7A4}.Ad-Hoc|x86.Build.0 = Release|Any CPU
		{C5B579EE-4CB3-4782-B88F-C21D69D9E7A4}.Ad-Hoc|x86.Deploy.0 = Release|Any CPU
		{C5B579EE-4CB3-4782-B88F-C21D69D9E7A4}.AppStore|Any CPU.ActiveCfg = Release|Any CPU
		{C5B579EE-4CB3-4782-B88F-C21D69D9E7A4}.AppStore|Any CPU.Build.0 = Release|Any CPU
		{C5B579EE-4CB3-4782-B88F-C21D69D9E7A4}.AppStore|Any CPU.Deploy.0 = Release|Any CPU
		{C5B579EE-4CB3-4782-B88F-C21D69D9E7A4}.AppStore|ARM.ActiveCfg = Release|Any CPU
		{C5B579EE-4CB3-4782-B88F-C21D69D9E7A4}.AppStore|ARM.Build.0 = Release|Any CPU
		{C5B579EE-4CB3-4782-B88F-C21D69D9E7A4}.AppStore|ARM.Deploy.0 = Release|Any CPU
		{C5B579EE-4CB3-4782-B88F-C21D69D9E7A4}.AppStore|iPhone.ActiveCfg = Release|Any CPU
		{C5B579EE-4CB3-4782-B88F-C21D69D9E7A4}.AppStore|iPhone.Build.0 = Release|Any CPU
		{C5B579EE-4CB3-4782-B88F-C21D69D9E7A4}.AppStore|iPhone.Deploy.0 = Release|Any CPU
		{C5B579EE-4CB3-4782-B88F-C21D69D9E7A4}.AppStore|iPhoneSimulator.ActiveCfg = Release|Any CPU
		{C5B579EE-4CB3-4782-B88F-C21D69D9E7A4}.AppStore|iPhoneSimulator.Build.0 = Release|Any CPU
		{C5B579EE-4CB3-4782-B88F-C21D69D9E7A4}.AppStore|iPhoneSimulator.Deploy.0 = Release|Any CPU
		{C5B579EE-4CB3-4782-B88F-C21D69D9E7A4}.AppStore|x64.ActiveCfg = Release|Any CPU
		{C5B579EE-4CB3-4782-B88F-C21D69D9E7A4}.AppStore|x64.Build.0 = Release|Any CPU
		{C5B579EE-4CB3-4782-B88F-C21D69D9E7A4}.AppStore|x64.Deploy.0 = Release|Any CPU
		{C5B579EE-4CB3-4782-B88F-C21D69D9E7A4}.AppStore|x86.ActiveCfg = Release|Any CPU
		{C5B579EE-4CB3-4782-B88F-C21D69D9E7A4}.AppStore|x86.Build.0 = Release|Any CPU
		{C5B579EE-4CB3-4782-B88F-C21D69D9E7A4}.AppStore|x86.Deploy.0 = Release|Any CPU
		{C5B579EE-4CB3-4782-B88F-C21D69D9E7A4}.Debug|Any CPU.ActiveCfg = Debug|Any CPU
		{C5B579EE-4CB3-4782-B88F-C21D69D9E7A4}.Debug|Any CPU.Build.0 = Debug|Any CPU
		{C5B579EE-4CB3-4782-B88F-C21D69D9E7A4}.Debug|Any CPU.Deploy.0 = Debug|Any CPU
		{C5B579EE-4CB3-4782-B88F-C21D69D9E7A4}.Debug|ARM.ActiveCfg = Debug|Any CPU
		{C5B579EE-4CB3-4782-B88F-C21D69D9E7A4}.Debug|ARM.Build.0 = Debug|Any CPU
		{C5B579EE-4CB3-4782-B88F-C21D69D9E7A4}.Debug|ARM.Deploy.0 = Debug|Any CPU
		{C5B579EE-4CB3-4782-B88F-C21D69D9E7A4}.Debug|iPhone.ActiveCfg = Debug|Any CPU
		{C5B579EE-4CB3-4782-B88F-C21D69D9E7A4}.Debug|iPhone.Build.0 = Debug|Any CPU
		{C5B579EE-4CB3-4782-B88F-C21D69D9E7A4}.Debug|iPhone.Deploy.0 = Debug|Any CPU
		{C5B579EE-4CB3-4782-B88F-C21D69D9E7A4}.Debug|iPhoneSimulator.ActiveCfg = Debug|Any CPU
		{C5B579EE-4CB3-4782-B88F-C21D69D9E7A4}.Debug|iPhoneSimulator.Build.0 = Debug|Any CPU
		{C5B579EE-4CB3-4782-B88F-C21D69D9E7A4}.Debug|iPhoneSimulator.Deploy.0 = Debug|Any CPU
		{C5B579EE-4CB3-4782-B88F-C21D69D9E7A4}.Debug|x64.ActiveCfg = Debug|Any CPU
		{C5B579EE-4CB3-4782-B88F-C21D69D9E7A4}.Debug|x64.Build.0 = Debug|Any CPU
		{C5B579EE-4CB3-4782-B88F-C21D69D9E7A4}.Debug|x64.Deploy.0 = Debug|Any CPU
		{C5B579EE-4CB3-4782-B88F-C21D69D9E7A4}.Debug|x86.ActiveCfg = Debug|Any CPU
		{C5B579EE-4CB3-4782-B88F-C21D69D9E7A4}.Debug|x86.Build.0 = Debug|Any CPU
		{C5B579EE-4CB3-4782-B88F-C21D69D9E7A4}.Debug|x86.Deploy.0 = Debug|Any CPU
		{C5B579EE-4CB3-4782-B88F-C21D69D9E7A4}.Release|Any CPU.ActiveCfg = Release|Any CPU
		{C5B579EE-4CB3-4782-B88F-C21D69D9E7A4}.Release|Any CPU.Build.0 = Release|Any CPU
		{C5B579EE-4CB3-4782-B88F-C21D69D9E7A4}.Release|Any CPU.Deploy.0 = Release|Any CPU
		{C5B579EE-4CB3-4782-B88F-C21D69D9E7A4}.Release|ARM.ActiveCfg = Release|Any CPU
		{C5B579EE-4CB3-4782-B88F-C21D69D9E7A4}.Release|ARM.Build.0 = Release|Any CPU
		{C5B579EE-4CB3-4782-B88F-C21D69D9E7A4}.Release|ARM.Deploy.0 = Release|Any CPU
		{C5B579EE-4CB3-4782-B88F-C21D69D9E7A4}.Release|iPhone.ActiveCfg = Release|Any CPU
		{C5B579EE-4CB3-4782-B88F-C21D69D9E7A4}.Release|iPhone.Build.0 = Release|Any CPU
		{C5B579EE-4CB3-4782-B88F-C21D69D9E7A4}.Release|iPhone.Deploy.0 = Release|Any CPU
		{C5B579EE-4CB3-4782-B88F-C21D69D9E7A4}.Release|iPhoneSimulator.ActiveCfg = Release|Any CPU
		{C5B579EE-4CB3-4782-B88F-C21D69D9E7A4}.Release|iPhoneSimulator.Build.0 = Release|Any CPU
		{C5B579EE-4CB3-4782-B88F-C21D69D9E7A4}.Release|iPhoneSimulator.Deploy.0 = Release|Any CPU
		{C5B579EE-4CB3-4782-B88F-C21D69D9E7A4}.Release|x64.ActiveCfg = Release|Any CPU
		{C5B579EE-4CB3-4782-B88F-C21D69D9E7A4}.Release|x64.Build.0 = Release|Any CPU
		{C5B579EE-4CB3-4782-B88F-C21D69D9E7A4}.Release|x64.Deploy.0 = Release|Any CPU
		{C5B579EE-4CB3-4782-B88F-C21D69D9E7A4}.Release|x86.ActiveCfg = Release|Any CPU
		{C5B579EE-4CB3-4782-B88F-C21D69D9E7A4}.Release|x86.Build.0 = Release|Any CPU
		{C5B579EE-4CB3-4782-B88F-C21D69D9E7A4}.Release|x86.Deploy.0 = Release|Any CPU
		{C3DC2FDB-30C8-4F4A-A7F7-7BAC11C41139}.Ad-Hoc|Any CPU.ActiveCfg = Ad-Hoc|iPhone
		{C3DC2FDB-30C8-4F4A-A7F7-7BAC11C41139}.Ad-Hoc|ARM.ActiveCfg = Ad-Hoc|iPhone
		{C3DC2FDB-30C8-4F4A-A7F7-7BAC11C41139}.Ad-Hoc|iPhone.ActiveCfg = Ad-Hoc|iPhone
		{C3DC2FDB-30C8-4F4A-A7F7-7BAC11C41139}.Ad-Hoc|iPhone.Build.0 = Ad-Hoc|iPhone
		{C3DC2FDB-30C8-4F4A-A7F7-7BAC11C41139}.Ad-Hoc|iPhoneSimulator.ActiveCfg = Ad-Hoc|iPhoneSimulator
		{C3DC2FDB-30C8-4F4A-A7F7-7BAC11C41139}.Ad-Hoc|iPhoneSimulator.Build.0 = Ad-Hoc|iPhoneSimulator
		{C3DC2FDB-30C8-4F4A-A7F7-7BAC11C41139}.Ad-Hoc|x64.ActiveCfg = Ad-Hoc|iPhone
		{C3DC2FDB-30C8-4F4A-A7F7-7BAC11C41139}.Ad-Hoc|x86.ActiveCfg = Ad-Hoc|iPhone
		{C3DC2FDB-30C8-4F4A-A7F7-7BAC11C41139}.AppStore|Any CPU.ActiveCfg = AppStore|iPhone
		{C3DC2FDB-30C8-4F4A-A7F7-7BAC11C41139}.AppStore|ARM.ActiveCfg = AppStore|iPhone
		{C3DC2FDB-30C8-4F4A-A7F7-7BAC11C41139}.AppStore|iPhone.ActiveCfg = AppStore|iPhone
		{C3DC2FDB-30C8-4F4A-A7F7-7BAC11C41139}.AppStore|iPhone.Build.0 = AppStore|iPhone
		{C3DC2FDB-30C8-4F4A-A7F7-7BAC11C41139}.AppStore|iPhoneSimulator.ActiveCfg = AppStore|iPhoneSimulator
		{C3DC2FDB-30C8-4F4A-A7F7-7BAC11C41139}.AppStore|iPhoneSimulator.Build.0 = AppStore|iPhoneSimulator
		{C3DC2FDB-30C8-4F4A-A7F7-7BAC11C41139}.AppStore|x64.ActiveCfg = AppStore|iPhone
		{C3DC2FDB-30C8-4F4A-A7F7-7BAC11C41139}.AppStore|x86.ActiveCfg = AppStore|iPhone
		{C3DC2FDB-30C8-4F4A-A7F7-7BAC11C41139}.Debug|Any CPU.ActiveCfg = Debug|iPhone
		{C3DC2FDB-30C8-4F4A-A7F7-7BAC11C41139}.Debug|ARM.ActiveCfg = Debug|iPhone
		{C3DC2FDB-30C8-4F4A-A7F7-7BAC11C41139}.Debug|iPhone.ActiveCfg = Debug|iPhone
		{C3DC2FDB-30C8-4F4A-A7F7-7BAC11C41139}.Debug|iPhone.Build.0 = Debug|iPhone
		{C3DC2FDB-30C8-4F4A-A7F7-7BAC11C41139}.Debug|iPhoneSimulator.ActiveCfg = Debug|iPhoneSimulator
		{C3DC2FDB-30C8-4F4A-A7F7-7BAC11C41139}.Debug|iPhoneSimulator.Build.0 = Debug|iPhoneSimulator
		{C3DC2FDB-30C8-4F4A-A7F7-7BAC11C41139}.Debug|x64.ActiveCfg = Debug|iPhone
		{C3DC2FDB-30C8-4F4A-A7F7-7BAC11C41139}.Debug|x86.ActiveCfg = Debug|iPhone
		{C3DC2FDB-30C8-4F4A-A7F7-7BAC11C41139}.Release|Any CPU.ActiveCfg = Release|iPhone
		{C3DC2FDB-30C8-4F4A-A7F7-7BAC11C41139}.Release|ARM.ActiveCfg = Release|iPhone
		{C3DC2FDB-30C8-4F4A-A7F7-7BAC11C41139}.Release|iPhone.ActiveCfg = Release|iPhone
		{C3DC2FDB-30C8-4F4A-A7F7-7BAC11C41139}.Release|iPhone.Build.0 = Release|iPhone
		{C3DC2FDB-30C8-4F4A-A7F7-7BAC11C41139}.Release|iPhoneSimulator.ActiveCfg = Release|iPhoneSimulator
		{C3DC2FDB-30C8-4F4A-A7F7-7BAC11C41139}.Release|iPhoneSimulator.Build.0 = Release|iPhoneSimulator
		{C3DC2FDB-30C8-4F4A-A7F7-7BAC11C41139}.Release|x64.ActiveCfg = Release|iPhone
		{C3DC2FDB-30C8-4F4A-A7F7-7BAC11C41139}.Release|x86.ActiveCfg = Release|iPhone
		{67F9D3A8-F71E-4428-913F-C37AE82CDB24}.Ad-Hoc|Any CPU.ActiveCfg = Release|Any CPU
		{67F9D3A8-F71E-4428-913F-C37AE82CDB24}.Ad-Hoc|Any CPU.Build.0 = Release|Any CPU
		{67F9D3A8-F71E-4428-913F-C37AE82CDB24}.Ad-Hoc|ARM.ActiveCfg = Release|Any CPU
		{67F9D3A8-F71E-4428-913F-C37AE82CDB24}.Ad-Hoc|ARM.Build.0 = Release|Any CPU
		{67F9D3A8-F71E-4428-913F-C37AE82CDB24}.Ad-Hoc|iPhone.ActiveCfg = Release|Any CPU
		{67F9D3A8-F71E-4428-913F-C37AE82CDB24}.Ad-Hoc|iPhone.Build.0 = Release|Any CPU
		{67F9D3A8-F71E-4428-913F-C37AE82CDB24}.Ad-Hoc|iPhoneSimulator.ActiveCfg = Release|Any CPU
		{67F9D3A8-F71E-4428-913F-C37AE82CDB24}.Ad-Hoc|iPhoneSimulator.Build.0 = Release|Any CPU
		{67F9D3A8-F71E-4428-913F-C37AE82CDB24}.Ad-Hoc|x64.ActiveCfg = Release|Any CPU
		{67F9D3A8-F71E-4428-913F-C37AE82CDB24}.Ad-Hoc|x64.Build.0 = Release|Any CPU
		{67F9D3A8-F71E-4428-913F-C37AE82CDB24}.Ad-Hoc|x86.ActiveCfg = Release|Any CPU
		{67F9D3A8-F71E-4428-913F-C37AE82CDB24}.Ad-Hoc|x86.Build.0 = Release|Any CPU
		{67F9D3A8-F71E-4428-913F-C37AE82CDB24}.AppStore|Any CPU.ActiveCfg = Release|Any CPU
		{67F9D3A8-F71E-4428-913F-C37AE82CDB24}.AppStore|Any CPU.Build.0 = Release|Any CPU
		{67F9D3A8-F71E-4428-913F-C37AE82CDB24}.AppStore|ARM.ActiveCfg = Release|Any CPU
		{67F9D3A8-F71E-4428-913F-C37AE82CDB24}.AppStore|ARM.Build.0 = Release|Any CPU
		{67F9D3A8-F71E-4428-913F-C37AE82CDB24}.AppStore|iPhone.ActiveCfg = Release|Any CPU
		{67F9D3A8-F71E-4428-913F-C37AE82CDB24}.AppStore|iPhone.Build.0 = Release|Any CPU
		{67F9D3A8-F71E-4428-913F-C37AE82CDB24}.AppStore|iPhoneSimulator.ActiveCfg = Release|Any CPU
		{67F9D3A8-F71E-4428-913F-C37AE82CDB24}.AppStore|iPhoneSimulator.Build.0 = Release|Any CPU
		{67F9D3A8-F71E-4428-913F-C37AE82CDB24}.AppStore|x64.ActiveCfg = Release|Any CPU
		{67F9D3A8-F71E-4428-913F-C37AE82CDB24}.AppStore|x64.Build.0 = Release|Any CPU
		{67F9D3A8-F71E-4428-913F-C37AE82CDB24}.AppStore|x86.ActiveCfg = Release|Any CPU
		{67F9D3A8-F71E-4428-913F-C37AE82CDB24}.AppStore|x86.Build.0 = Release|Any CPU
		{67F9D3A8-F71E-4428-913F-C37AE82CDB24}.Debug|Any CPU.ActiveCfg = Debug|Any CPU
		{67F9D3A8-F71E-4428-913F-C37AE82CDB24}.Debug|Any CPU.Build.0 = Debug|Any CPU
		{67F9D3A8-F71E-4428-913F-C37AE82CDB24}.Debug|ARM.ActiveCfg = Debug|Any CPU
		{67F9D3A8-F71E-4428-913F-C37AE82CDB24}.Debug|ARM.Build.0 = Debug|Any CPU
		{67F9D3A8-F71E-4428-913F-C37AE82CDB24}.Debug|iPhone.ActiveCfg = Debug|Any CPU
		{67F9D3A8-F71E-4428-913F-C37AE82CDB24}.Debug|iPhone.Build.0 = Debug|Any CPU
		{67F9D3A8-F71E-4428-913F-C37AE82CDB24}.Debug|iPhoneSimulator.ActiveCfg = Debug|Any CPU
		{67F9D3A8-F71E-4428-913F-C37AE82CDB24}.Debug|iPhoneSimulator.Build.0 = Debug|Any CPU
		{67F9D3A8-F71E-4428-913F-C37AE82CDB24}.Debug|x64.ActiveCfg = Debug|Any CPU
		{67F9D3A8-F71E-4428-913F-C37AE82CDB24}.Debug|x64.Build.0 = Debug|Any CPU
		{67F9D3A8-F71E-4428-913F-C37AE82CDB24}.Debug|x86.ActiveCfg = Debug|Any CPU
		{67F9D3A8-F71E-4428-913F-C37AE82CDB24}.Debug|x86.Build.0 = Debug|Any CPU
		{67F9D3A8-F71E-4428-913F-C37AE82CDB24}.Release|Any CPU.ActiveCfg = Release|Any CPU
		{67F9D3A8-F71E-4428-913F-C37AE82CDB24}.Release|Any CPU.Build.0 = Release|Any CPU
		{67F9D3A8-F71E-4428-913F-C37AE82CDB24}.Release|ARM.ActiveCfg = Release|Any CPU
		{67F9D3A8-F71E-4428-913F-C37AE82CDB24}.Release|ARM.Build.0 = Release|Any CPU
		{67F9D3A8-F71E-4428-913F-C37AE82CDB24}.Release|iPhone.ActiveCfg = Release|Any CPU
		{67F9D3A8-F71E-4428-913F-C37AE82CDB24}.Release|iPhone.Build.0 = Release|Any CPU
		{67F9D3A8-F71E-4428-913F-C37AE82CDB24}.Release|iPhoneSimulator.ActiveCfg = Release|Any CPU
		{67F9D3A8-F71E-4428-913F-C37AE82CDB24}.Release|iPhoneSimulator.Build.0 = Release|Any CPU
		{67F9D3A8-F71E-4428-913F-C37AE82CDB24}.Release|x64.ActiveCfg = Release|Any CPU
		{67F9D3A8-F71E-4428-913F-C37AE82CDB24}.Release|x64.Build.0 = Release|Any CPU
		{67F9D3A8-F71E-4428-913F-C37AE82CDB24}.Release|x86.ActiveCfg = Release|Any CPU
		{67F9D3A8-F71E-4428-913F-C37AE82CDB24}.Release|x86.Build.0 = Release|Any CPU
		{080507C3-D5A4-400E-9417-E5CCB7E98926}.Ad-Hoc|Any CPU.ActiveCfg = Release|Any CPU
		{080507C3-D5A4-400E-9417-E5CCB7E98926}.Ad-Hoc|Any CPU.Build.0 = Release|Any CPU
		{080507C3-D5A4-400E-9417-E5CCB7E98926}.Ad-Hoc|ARM.ActiveCfg = Release|Any CPU
		{080507C3-D5A4-400E-9417-E5CCB7E98926}.Ad-Hoc|ARM.Build.0 = Release|Any CPU
		{080507C3-D5A4-400E-9417-E5CCB7E98926}.Ad-Hoc|iPhone.ActiveCfg = Release|Any CPU
		{080507C3-D5A4-400E-9417-E5CCB7E98926}.Ad-Hoc|iPhone.Build.0 = Release|Any CPU
		{080507C3-D5A4-400E-9417-E5CCB7E98926}.Ad-Hoc|iPhoneSimulator.ActiveCfg = Release|Any CPU
		{080507C3-D5A4-400E-9417-E5CCB7E98926}.Ad-Hoc|iPhoneSimulator.Build.0 = Release|Any CPU
		{080507C3-D5A4-400E-9417-E5CCB7E98926}.Ad-Hoc|x64.ActiveCfg = Release|Any CPU
		{080507C3-D5A4-400E-9417-E5CCB7E98926}.Ad-Hoc|x64.Build.0 = Release|Any CPU
		{080507C3-D5A4-400E-9417-E5CCB7E98926}.Ad-Hoc|x86.ActiveCfg = Release|Any CPU
		{080507C3-D5A4-400E-9417-E5CCB7E98926}.Ad-Hoc|x86.Build.0 = Release|Any CPU
		{080507C3-D5A4-400E-9417-E5CCB7E98926}.AppStore|Any CPU.ActiveCfg = Release|Any CPU
		{080507C3-D5A4-400E-9417-E5CCB7E98926}.AppStore|Any CPU.Build.0 = Release|Any CPU
		{080507C3-D5A4-400E-9417-E5CCB7E98926}.AppStore|ARM.ActiveCfg = Release|Any CPU
		{080507C3-D5A4-400E-9417-E5CCB7E98926}.AppStore|ARM.Build.0 = Release|Any CPU
		{080507C3-D5A4-400E-9417-E5CCB7E98926}.AppStore|iPhone.ActiveCfg = Release|Any CPU
		{080507C3-D5A4-400E-9417-E5CCB7E98926}.AppStore|iPhone.Build.0 = Release|Any CPU
		{080507C3-D5A4-400E-9417-E5CCB7E98926}.AppStore|iPhoneSimulator.ActiveCfg = Release|Any CPU
		{080507C3-D5A4-400E-9417-E5CCB7E98926}.AppStore|iPhoneSimulator.Build.0 = Release|Any CPU
		{080507C3-D5A4-400E-9417-E5CCB7E98926}.AppStore|x64.ActiveCfg = Release|Any CPU
		{080507C3-D5A4-400E-9417-E5CCB7E98926}.AppStore|x64.Build.0 = Release|Any CPU
		{080507C3-D5A4-400E-9417-E5CCB7E98926}.AppStore|x86.ActiveCfg = Release|Any CPU
		{080507C3-D5A4-400E-9417-E5CCB7E98926}.AppStore|x86.Build.0 = Release|Any CPU
		{080507C3-D5A4-400E-9417-E5CCB7E98926}.Debug|Any CPU.ActiveCfg = Debug|Any CPU
		{080507C3-D5A4-400E-9417-E5CCB7E98926}.Debug|Any CPU.Build.0 = Debug|Any CPU
		{080507C3-D5A4-400E-9417-E5CCB7E98926}.Debug|ARM.ActiveCfg = Debug|Any CPU
		{080507C3-D5A4-400E-9417-E5CCB7E98926}.Debug|ARM.Build.0 = Debug|Any CPU
		{080507C3-D5A4-400E-9417-E5CCB7E98926}.Debug|iPhone.ActiveCfg = Debug|Any CPU
		{080507C3-D5A4-400E-9417-E5CCB7E98926}.Debug|iPhone.Build.0 = Debug|Any CPU
		{080507C3-D5A4-400E-9417-E5CCB7E98926}.Debug|iPhoneSimulator.ActiveCfg = Debug|Any CPU
		{080507C3-D5A4-400E-9417-E5CCB7E98926}.Debug|iPhoneSimulator.Build.0 = Debug|Any CPU
		{080507C3-D5A4-400E-9417-E5CCB7E98926}.Debug|x64.ActiveCfg = Debug|Any CPU
		{080507C3-D5A4-400E-9417-E5CCB7E98926}.Debug|x64.Build.0 = Debug|Any CPU
		{080507C3-D5A4-400E-9417-E5CCB7E98926}.Debug|x86.ActiveCfg = Debug|Any CPU
		{080507C3-D5A4-400E-9417-E5CCB7E98926}.Debug|x86.Build.0 = Debug|Any CPU
		{080507C3-D5A4-400E-9417-E5CCB7E98926}.Release|Any CPU.ActiveCfg = Release|Any CPU
		{080507C3-D5A4-400E-9417-E5CCB7E98926}.Release|Any CPU.Build.0 = Release|Any CPU
		{080507C3-D5A4-400E-9417-E5CCB7E98926}.Release|ARM.ActiveCfg = Release|Any CPU
		{080507C3-D5A4-400E-9417-E5CCB7E98926}.Release|ARM.Build.0 = Release|Any CPU
		{080507C3-D5A4-400E-9417-E5CCB7E98926}.Release|iPhone.ActiveCfg = Release|Any CPU
		{080507C3-D5A4-400E-9417-E5CCB7E98926}.Release|iPhone.Build.0 = Release|Any CPU
		{080507C3-D5A4-400E-9417-E5CCB7E98926}.Release|iPhoneSimulator.ActiveCfg = Release|Any CPU
		{080507C3-D5A4-400E-9417-E5CCB7E98926}.Release|iPhoneSimulator.Build.0 = Release|Any CPU
		{080507C3-D5A4-400E-9417-E5CCB7E98926}.Release|x64.ActiveCfg = Release|Any CPU
		{080507C3-D5A4-400E-9417-E5CCB7E98926}.Release|x64.Build.0 = Release|Any CPU
		{080507C3-D5A4-400E-9417-E5CCB7E98926}.Release|x86.ActiveCfg = Release|Any CPU
		{080507C3-D5A4-400E-9417-E5CCB7E98926}.Release|x86.Build.0 = Release|Any CPU
	EndGlobalSection
	GlobalSection(SolutionProperties) = preSolution
		HideSolutionNode = FALSE
	EndGlobalSection
EndGlobal
